
Microsoft Visual Studio Solution File, Format Version 12.00
# Visual Studio 15
VisualStudioVersion = 15.0.28307.852
MinimumVisualStudioVersion = 10.0.40219.1
Project("{FAE04EC0-301F-11D3-BF4B-00C04F79EFBC}") = "2", "2\2.csproj", "{07952C01-4543-4EBA-BF6C-26E709DBBA3F}"
EndProject
Global
	GlobalSection(SolutionConfigurationPlatforms) = preSolution
		Debug|Any CPU = Debug|Any CPU
		Release|Any CPU = Release|Any CPU
	EndGlobalSection
	GlobalSection(ProjectConfigurationPlatforms) = postSolution
		{07952C01-4543-4EBA-BF6C-26E709DBBA3F}.Debug|Any CPU.ActiveCfg = Debug|Any CPU
		{07952C01-4543-4EBA-BF6C-26E709DBBA3F}.Debug|Any CPU.Build.0 = Debug|Any CPU
		{07952C01-4543-4EBA-BF6C-26E709DBBA3F}.Release|Any CPU.ActiveCfg = Release|Any CPU
		{07952C01-4543-4EBA-BF6C-26E709DBBA3F}.Release|Any CPU.Build.0 = Release|Any CPU
	EndGlobalSection
	GlobalSection(SolutionProperties) = preSolution
		HideSolutionNode = FALSE
	EndGlobalSection
	GlobalSection(ExtensibilityGlobals) = postSolution
		SolutionGuid = {AB87F558-4D1A-4233-B1B4-FE5FD156610E}
	EndGlobalSection
EndGlobal
